
Microsoft Visual Studio Solution File, Format Version 12.00
# Visual Studio Version 17
VisualStudioVersion = 17.5.33627.172
MinimumVisualStudioVersion = 10.0.40219.1
Project("{FAE04EC0-301F-11D3-BF4B-00C04F79EFBC}") = "PROYECTO_DSWI", "PROYECTO_DSWI\PROYECTO_DSWI.csproj", "{18147B9D-70A9-4B32-AD36-EBF4AE4E37D5}"
EndProject
Global
	GlobalSection(SolutionConfigurationPlatforms) = preSolution
		Debug|Any CPU = Debug|Any CPU
		Release|Any CPU = Release|Any CPU
	EndGlobalSection
	GlobalSection(ProjectConfigurationPlatforms) = postSolution
		{18147B9D-70A9-4B32-AD36-EBF4AE4E37D5}.Debug|Any CPU.ActiveCfg = Debug|Any CPU
		{18147B9D-70A9-4B32-AD36-EBF4AE4E37D5}.Debug|Any CPU.Build.0 = Debug|Any CPU
		{18147B9D-70A9-4B32-AD36-EBF4AE4E37D5}.Release|Any CPU.ActiveCfg = Release|Any CPU
		{18147B9D-70A9-4B32-AD36-EBF4AE4E37D5}.Release|Any CPU.Build.0 = Release|Any CPU
	EndGlobalSection
	GlobalSection(SolutionProperties) = preSolution
		HideSolutionNode = FALSE
	EndGlobalSection
	GlobalSection(ExtensibilityGlobals) = postSolution
		SolutionGuid = {516CA555-7EC9-4546-98D8-58C7EE3336B1}
	EndGlobalSection
EndGlobal
